{
    "_readme": [
        "This file locks the dependencies of your project to a known state",
        "Read more about it at https://getcomposer.org/doc/01-basic-usage.md#composer-lock-the-lock-file",
        "This file is @generated automatically"
    ],
    "hash": "7c5aad95ca4e83f7cdce61017f32eb99",
    "content-hash": "a2892b1a2ee6d613e30cf87668e4f1e4",
    "packages": [
        {
            "name": "danielgelling/http",
            "version": "v0.1.1",
            "source": {
                "type": "git",
                "url": "https://github.com/danielgelling/http.git",
                "reference": "73ba8deea19d2144fbc11a9f9dd8830aae689da5"
            },
            "dist": {
                "type": "zip",
                "url": "https://api.github.com/repos/danielgelling/http/zipball/73ba8deea19d2144fbc11a9f9dd8830aae689da5",
                "reference": "73ba8deea19d2144fbc11a9f9dd8830aae689da5",
                "shasum": ""
            },
            "type": "library",
            "notification-url": "https://packagist.org/downloads/",
            "license": [
                "MIT"
            ],
            "authors": [
                {
                    "name": "Daniel Gelling",
                    "email": "info@danielgelling.nl"
                }
            ],
            "description": "Package with which you can easily perform HTTP requests in PHP",
            "time": "2015-12-16 12:32:01"
        }
    ],
    "packages-dev": [],
    "aliases": [],
    "minimum-stability": "stable",
    "stability-flags": [],
    "prefer-stable": false,
    "prefer-lowest": false,
    "platform": [],
    "platform-dev": []
}
